
Microsoft Visual Studio Solution File, Format Version 12.00
# Visual Studio 15
VisualStudioVersion = 15.0.27428.2037
MinimumVisualStudioVersion = 10.0.40219.1
Project("{FAE04EC0-301F-11D3-BF4B-00C04F79EFBC}") = "SAPInvoiceConnector", "SAPInvoiceConnector\SAPInvoiceConnector.csproj", "{721000F5-1A08-4E41-A594-94D7BB6F852C}"
EndProject
Global
	GlobalSection(SolutionConfigurationPlatforms) = preSolution
		Debug|Any CPU = Debug|Any CPU
		Release|Any CPU = Release|Any CPU
	EndGlobalSection
	GlobalSection(ProjectConfigurationPlatforms) = postSolution
		{721000F5-1A08-4E41-A594-94D7BB6F852C}.Debug|Any CPU.ActiveCfg = Debug|Any CPU
		{721000F5-1A08-4E41-A594-94D7BB6F852C}.Debug|Any CPU.Build.0 = Debug|Any CPU
		{721000F5-1A08-4E41-A594-94D7BB6F852C}.Release|Any CPU.ActiveCfg = Release|Any CPU
		{721000F5-1A08-4E41-A594-94D7BB6F852C}.Release|Any CPU.Build.0 = Release|Any CPU
	EndGlobalSection
	GlobalSection(SolutionProperties) = preSolution
		HideSolutionNode = FALSE
	EndGlobalSection
	GlobalSection(ExtensibilityGlobals) = postSolution
		SolutionGuid = {998B6CAA-CD94-4FF5-9001-C278F770BADA}
	EndGlobalSection
EndGlobal
